
Microsoft Visual Studio Solution File, Format Version 12.00
# Visual Studio Version 16
VisualStudioVersion = 16.0.31112.23
MinimumVisualStudioVersion = 10.0.40219.1
Project("{FAE04EC0-301F-11D3-BF4B-00C04F79EFBC}") = "APBD4", "APBD4.csproj", "{06191DA8-7BE5-4698-AC37-A547345816DF}"
EndProject
Global
	GlobalSection(SolutionConfigurationPlatforms) = preSolution
		Debug|Any CPU = Debug|Any CPU
		Release|Any CPU = Release|Any CPU
	EndGlobalSection
	GlobalSection(ProjectConfigurationPlatforms) = postSolution
		{06191DA8-7BE5-4698-AC37-A547345816DF}.Debug|Any CPU.ActiveCfg = Debug|Any CPU
		{06191DA8-7BE5-4698-AC37-A547345816DF}.Debug|Any CPU.Build.0 = Debug|Any CPU
		{06191DA8-7BE5-4698-AC37-A547345816DF}.Release|Any CPU.ActiveCfg = Release|Any CPU
		{06191DA8-7BE5-4698-AC37-A547345816DF}.Release|Any CPU.Build.0 = Release|Any CPU
	EndGlobalSection
	GlobalSection(SolutionProperties) = preSolution
		HideSolutionNode = FALSE
	EndGlobalSection
	GlobalSection(ExtensibilityGlobals) = postSolution
		SolutionGuid = {FFF6B919-7260-4AE2-98FB-55E9F2E54E88}
	EndGlobalSection
EndGlobal
